{
    "requires": true,
    "lockfileVersion": 1,
    "dependencies": {
        "raleway-cyrillic": {
            "version": "4.0.2",
            "resolved": "https://registry.npmjs.org/raleway-cyrillic/-/raleway-cyrillic-4.0.2.tgz",
            "integrity": "sha1-HcKzrqYwKwhTbs7jGIyS0li4jOE="
        }
    }
}
